// !$*UTF8*$!
{
	archiveVersion = 1;
	classes = {
	};
	objectVersion = 56;
	objects = {

/* Begin PBXBuildFile section */
		9437524829D6E5E400213CDE /* AppDelegate.swift in Sources */ = {isa = PBXBuildFile; fileRef = 9437524729D6E5E400213CDE /* AppDelegate.swift */; };
		9437524A29D6E5E400213CDE /* SceneDelegate.swift in Sources */ = {isa = PBXBuildFile; fileRef = 9437524929D6E5E400213CDE /* SceneDelegate.swift */; };
		9437524C29D6E5E400213CDE /* ViewController.swift in Sources */ = {isa = PBXBuildFile; fileRef = 9437524B29D6E5E400213CDE /* ViewController.swift */; };
		9437524F29D6E5E400213CDE /* Main.storyboard in Resources */ = {isa = PBXBuildFile; fileRef = 9437524D29D6E5E400213CDE /* Main.storyboard */; };
		9437525229D6E5E400213CDE /* TextRecognizerApp.xcdatamodeld in Sources */ = {isa = PBXBuildFile; fileRef = 9437525029D6E5E400213CDE /* TextRecognizerApp.xcdatamodeld */; };
		9437525429D6E5E500213CDE /* Assets.xcassets in Resources */ = {isa = PBXBuildFile; fileRef = 9437525329D6E5E500213CDE /* Assets.xcassets */; };
		9437525729D6E5E500213CDE /* LaunchScreen.storyboard in Resources */ = {isa = PBXBuildFile; fileRef = 9437525529D6E5E500213CDE /* LaunchScreen.storyboard */; };
		9437526229D6E5E500213CDE /* TextRecognizerAppTests.swift in Sources */ = {isa = PBXBuildFile; fileRef = 9437526129D6E5E500213CDE /* TextRecognizerAppTests.swift */; };
		9437526C29D6E5E500213CDE /* TextRecognizerAppUITests.swift in Sources */ = {isa = PBXBuildFile; fileRef = 9437526B29D6E5E500213CDE /* TextRecognizerAppUITests.swift */; };
		9437526E29D6E5E500213CDE /* TextRecognizerAppUITestsLaunchTests.swift in Sources */ = {isa = PBXBuildFile; fileRef = 9437526D29D6E5E500213CDE /* TextRecognizerAppUITestsLaunchTests.swift */; };
		9437528229D6E6F800213CDE /* CameraView.storyboard in Resources */ = {isa = PBXBuildFile; fileRef = 9437528129D6E6F800213CDE /* CameraView.storyboard */; };
		9437528429D6E7FF00213CDE /* CameraViewController.swift in Sources */ = {isa = PBXBuildFile; fileRef = 9437528329D6E7FF00213CDE /* CameraViewController.swift */; };
		9437528629D6F95400213CDE /* RecognizeResultViewController.swift in Sources */ = {isa = PBXBuildFile; fileRef = 9437528529D6F95400213CDE /* RecognizeResultViewController.swift */; };
		9437528829D6F96400213CDE /* RecognizeResultView.storyboard in Resources */ = {isa = PBXBuildFile; fileRef = 9437528729D6F96400213CDE /* RecognizeResultView.storyboard */; };
/* End PBXBuildFile section */

/* Begin PBXContainerItemProxy section */
		9437525E29D6E5E500213CDE /* PBXContainerItemProxy */ = {
			isa = PBXContainerItemProxy;
			containerPortal = 9437523C29D6E5E400213CDE /* Project object */;
			proxyType = 1;
			remoteGlobalIDString = 9437524329D6E5E400213CDE;
			remoteInfo = TextRecognizerApp;
		};
		9437526829D6E5E500213CDE /* PBXContainerItemProxy */ = {
			isa = PBXContainerItemProxy;
			containerPortal = 9437523C29D6E5E400213CDE /* Project object */;
			proxyType = 1;
			remoteGlobalIDString = 9437524329D6E5E400213CDE;
			remoteInfo = TextRecognizerApp;
		};
/* End PBXContainerItemProxy section */

/* Begin PBXFileReference section */
		9437524429D6E5E400213CDE /* TextRecognizerApp.app */ = {isa = PBXFileReference; explicitFileType = wrapper.application; includeInIndex = 0; path = TextRecognizerApp.app; sourceTree = BUILT_PRODUCTS_DIR; };
		9437524729D6E5E400213CDE /* AppDelegate.swift */ = {isa = PBXFileReference; lastKnownFileType = sourcecode.swift; path = AppDelegate.swift; sourceTree = "<group>"; };
		9437524929D6E5E400213CDE /* SceneDelegate.swift */ = {isa = PBXFileReference; lastKnownFileType = sourcecode.swift; path = SceneDelegate.swift; sourceTree = "<group>"; };
		9437524B29D6E5E400213CDE /* ViewController.swift */ = {isa = PBXFileReference; lastKnownFileType = sourcecode.swift; path = ViewController.swift; sourceTree = "<group>"; };
		9437524E29D6E5E400213CDE /* Base */ = {isa = PBXFileReference; lastKnownFileType = file.storyboard; name = Base; path = Base.lproj/Main.storyboard; sourceTree = "<group>"; };
		9437525129D6E5E400213CDE /* TextRecognizerApp.xcdatamodel */ = {isa = PBXFileReference; lastKnownFileType = wrapper.xcdatamodel; path = TextRecognizerApp.xcdatamodel; sourceTree = "<group>"; };
		9437525329D6E5E500213CDE /* Assets.xcassets */ = {isa = PBXFileReference; lastKnownFileType = folder.assetcatalog; path = Assets.xcassets; sourceTree = "<group>"; };
		9437525629D6E5E500213CDE /* Base */ = {isa = PBXFileReference; lastKnownFileType = file.storyboard; name = Base; path = Base.lproj/LaunchScreen.storyboard; sourceTree = "<group>"; };
		9437525829D6E5E500213CDE /* Info.plist */ = {isa = PBXFileReference; lastKnownFileType = text.plist.xml; path = Info.plist; sourceTree = "<group>"; };
		9437525D29D6E5E500213CDE /* TextRecognizerAppTests.xctest */ = {isa = PBXFileReference; explicitFileType = wrapper.cfbundle; includeInIndex = 0; path = TextRecognizerAppTests.xctest; sourceTree = BUILT_PRODUCTS_DIR; };
		9437526129D6E5E500213CDE /* TextRecognizerAppTests.swift */ = {isa = PBXFileReference; lastKnownFileType = sourcecode.swift; path = TextRecognizerAppTests.swift; sourceTree = "<group>"; };
		9437526729D6E5E500213CDE /* TextRecognizerAppUITests.xctest */ = {isa = PBXFileReference; explicitFileType = wrapper.cfbundle; includeInIndex = 0; path = TextRecognizerAppUITests.xctest; sourceTree = BUILT_PRODUCTS_DIR; };
		9437526B29D6E5E500213CDE /* TextRecognizerAppUITests.swift */ = {isa = PBXFileReference; lastKnownFileType = sourcecode.swift; path = TextRecognizerAppUITests.swift; sourceTree = "<group>"; };
		9437526D29D6E5E500213CDE /* TextRecognizerAppUITestsLaunchTests.swift */ = {isa = PBXFileReference; lastKnownFileType = sourcecode.swift; path = TextRecognizerAppUITestsLaunchTests.swift; sourceTree = "<group>"; };
		9437528129D6E6F800213CDE /* CameraView.storyboard */ = {isa = PBXFileReference; lastKnownFileType = file.storyboard; path = CameraView.storyboard; sourceTree = "<group>"; };
		9437528329D6E7FF00213CDE /* CameraViewController.swift */ = {isa = PBXFileReference; lastKnownFileType = sourcecode.swift; path = CameraViewController.swift; sourceTree = "<group>"; };
		9437528529D6F95400213CDE /* RecognizeResultViewController.swift */ = {isa = PBXFileReference; lastKnownFileType = sourcecode.swift; path = RecognizeResultViewController.swift; sourceTree = "<group>"; };
		9437528729D6F96400213CDE /* RecognizeResultView.storyboard */ = {isa = PBXFileReference; lastKnownFileType = file.storyboard; path = RecognizeResultView.storyboard; sourceTree = "<group>"; };
/* End PBXFileReference section */

/* Begin PBXFrameworksBuildPhase section */
		9437524129D6E5E400213CDE /* Frameworks */ = {
			isa = PBXFrameworksBuildPhase;
			buildActionMask = 2147483647;
			files = (
			);
			runOnlyForDeploymentPostprocessing = 0;
		};
		9437525A29D6E5E500213CDE /* Frameworks */ = {
			isa = PBXFrameworksBuildPhase;
			buildActionMask = 2147483647;
			files = (
			);
			runOnlyForDeploymentPostprocessing = 0;
		};
		9437526429D6E5E500213CDE /* Frameworks */ = {
			isa = PBXFrameworksBuildPhase;
			buildActionMask = 2147483647;
			files = (
			);
			runOnlyForDeploymentPostprocessing = 0;
		};
/* End PBXFrameworksBuildPhase section */

/* Begin PBXGroup section */
		9437523B29D6E5E400213CDE = {
			isa = PBXGroup;
			children = (
				9437524629D6E5E400213CDE /* TextRecognizerApp */,
				9437526029D6E5E500213CDE /* TextRecognizerAppTests */,
				9437526A29D6E5E500213CDE /* TextRecognizerAppUITests */,
				9437524529D6E5E400213CDE /* Products */,
			);
			sourceTree = "<group>";
		};
		9437524529D6E5E400213CDE /* Products */ = {
			isa = PBXGroup;
			children = (
				9437524429D6E5E400213CDE /* TextRecognizerApp.app */,
				9437525D29D6E5E500213CDE /* TextRecognizerAppTests.xctest */,
				9437526729D6E5E500213CDE /* TextRecognizerAppUITests.xctest */,
			);
			name = Products;
			sourceTree = "<group>";
		};
		9437524629D6E5E400213CDE /* TextRecognizerApp */ = {
			isa = PBXGroup;
			children = (
				9437527B29D6E5F500213CDE /* Resources */,
				9437527A29D6E5ED00213CDE /* Sources */,
			);
			path = TextRecognizerApp;
			sourceTree = "<group>";
		};
		9437526029D6E5E500213CDE /* TextRecognizerAppTests */ = {
			isa = PBXGroup;
			children = (
				9437526129D6E5E500213CDE /* TextRecognizerAppTests.swift */,
			);
			path = TextRecognizerAppTests;
			sourceTree = "<group>";
		};
		9437526A29D6E5E500213CDE /* TextRecognizerAppUITests */ = {
			isa = PBXGroup;
			children = (
				9437526B29D6E5E500213CDE /* TextRecognizerAppUITests.swift */,
				9437526D29D6E5E500213CDE /* TextRecognizerAppUITestsLaunchTests.swift */,
			);
			path = TextRecognizerAppUITests;
			sourceTree = "<group>";
		};
		9437527A29D6E5ED00213CDE /* Sources */ = {
			isa = PBXGroup;
			children = (
				9437527C29D6E5FA00213CDE /* Apps */,
				9437527E29D6E60700213CDE /* Storyboards */,
				9437527D29D6E60100213CDE /* Controllers */,
			);
			path = Sources;
			sourceTree = "<group>";
		};
		9437527B29D6E5F500213CDE /* Resources */ = {
			isa = PBXGroup;
			children = (
				9437525329D6E5E500213CDE /* Assets.xcassets */,
				9437525829D6E5E500213CDE /* Info.plist */,
				9437525029D6E5E400213CDE /* TextRecognizerApp.xcdatamodeld */,
			);
			path = Resources;
			sourceTree = "<group>";
		};
		9437527C29D6E5FA00213CDE /* Apps */ = {
			isa = PBXGroup;
			children = (
				9437524729D6E5E400213CDE /* AppDelegate.swift */,
				9437524929D6E5E400213CDE /* SceneDelegate.swift */,
			);
			path = Apps;
			sourceTree = "<group>";
		};
		9437527D29D6E60100213CDE /* Controllers */ = {
			isa = PBXGroup;
			children = (
				9437524B29D6E5E400213CDE /* ViewController.swift */,
				9437528329D6E7FF00213CDE /* CameraViewController.swift */,
				9437528529D6F95400213CDE /* RecognizeResultViewController.swift */,
			);
			path = Controllers;
			sourceTree = "<group>";
		};
		9437527E29D6E60700213CDE /* Storyboards */ = {
			isa = PBXGroup;
			children = (
				9437525529D6E5E500213CDE /* LaunchScreen.storyboard */,
				9437524D29D6E5E400213CDE /* Main.storyboard */,
				9437528129D6E6F800213CDE /* CameraView.storyboard */,
				9437528729D6F96400213CDE /* RecognizeResultView.storyboard */,
			);
			path = Storyboards;
			sourceTree = "<group>";
		};
/* End PBXGroup section */

/* Begin PBXNativeTarget section */
		9437524329D6E5E400213CDE /* TextRecognizerApp */ = {
			isa = PBXNativeTarget;
			buildConfigurationList = 9437527129D6E5E500213CDE /* Build configuration list for PBXNativeTarget "TextRecognizerApp" */;
			buildPhases = (
				9437524029D6E5E400213CDE /* Sources */,
				9437524129D6E5E400213CDE /* Frameworks */,
				9437524229D6E5E400213CDE /* Resources */,
			);
			buildRules = (
			);
			dependencies = (
			);
			name = TextRecognizerApp;
			productName = TextRecognizerApp;
			productReference = 9437524429D6E5E400213CDE /* TextRecognizerApp.app */;
			productType = "com.apple.product-type.application";
		};
		9437525C29D6E5E500213CDE /* TextRecognizerAppTests */ = {
			isa = PBXNativeTarget;
			buildConfigurationList = 9437527429D6E5E500213CDE /* Build configuration list for PBXNativeTarget "TextRecognizerAppTests" */;
			buildPhases = (
				9437525929D6E5E500213CDE /* Sources */,
				9437525A29D6E5E500213CDE /* Frameworks */,
				9437525B29D6E5E500213CDE /* Resources */,
			);
			buildRules = (
			);
			dependencies = (
				9437525F29D6E5E500213CDE /* PBXTargetDependency */,
			);
			name = TextRecognizerAppTests;
			productName = TextRecognizerAppTests;
			productReference = 9437525D29D6E5E500213CDE /* TextRecognizerAppTests.xctest */;
			productType = "com.apple.product-type.bundle.unit-test";
		};
		9437526629D6E5E500213CDE /* TextRecognizerAppUITests */ = {
			isa = PBXNativeTarget;
			buildConfigurationList = 9437527729D6E5E500213CDE /* Build configuration list for PBXNativeTarget "TextRecognizerAppUITests" */;
			buildPhases = (
				9437526329D6E5E500213CDE /* Sources */,
				9437526429D6E5E500213CDE /* Frameworks */,
				9437526529D6E5E500213CDE /* Resources */,
			);
			buildRules = (
			);
			dependencies = (
				9437526929D6E5E500213CDE /* PBXTargetDependency */,
			);
			name = TextRecognizerAppUITests;
			productName = TextRecognizerAppUITests;
			productReference = 9437526729D6E5E500213CDE /* TextRecognizerAppUITests.xctest */;
			productType = "com.apple.product-type.bundle.ui-testing";
		};
/* End PBXNativeTarget section */

/* Begin PBXProject section */
		9437523C29D6E5E400213CDE /* Project object */ = {
			isa = PBXProject;
			attributes = {
				BuildIndependentTargetsInParallel = 1;
				LastSwiftUpdateCheck = 1420;
				LastUpgradeCheck = 1420;
				TargetAttributes = {
					9437524329D6E5E400213CDE = {
						CreatedOnToolsVersion = 14.2;
					};
					9437525C29D6E5E500213CDE = {
						CreatedOnToolsVersion = 14.2;
						TestTargetID = 9437524329D6E5E400213CDE;
					};
					9437526629D6E5E500213CDE = {
						CreatedOnToolsVersion = 14.2;
						TestTargetID = 9437524329D6E5E400213CDE;
					};
				};
			};
			buildConfigurationList = 9437523F29D6E5E400213CDE /* Build configuration list for PBXProject "TextRecognizerApp" */;
			compatibilityVersion = "Xcode 14.0";
			developmentRegion = en;
			hasScannedForEncodings = 0;
			knownRegions = (
				en,
				Base,
			);
			mainGroup = 9437523B29D6E5E400213CDE;
			productRefGroup = 9437524529D6E5E400213CDE /* Products */;
			projectDirPath = "";
			projectRoot = "";
			targets = (
				9437524329D6E5E400213CDE /* TextRecognizerApp */,
				9437525C29D6E5E500213CDE /* TextRecognizerAppTests */,
				9437526629D6E5E500213CDE /* TextRecognizerAppUITests */,
			);
		};
/* End PBXProject section */

/* Begin PBXResourcesBuildPhase section */
		9437524229D6E5E400213CDE /* Resources */ = {
			isa = PBXResourcesBuildPhase;
			buildActionMask = 2147483647;
			files = (
				9437528229D6E6F800213CDE /* CameraView.storyboard in Resources */,
				9437525729D6E5E500213CDE /* LaunchScreen.storyboard in Resources */,
				9437528829D6F96400213CDE /* RecognizeResultView.storyboard in Resources */,
				9437525429D6E5E500213CDE /* Assets.xcassets in Resources */,
				9437524F29D6E5E400213CDE /* Main.storyboard in Resources */,
			);
			runOnlyForDeploymentPostprocessing = 0;
		};
		9437525B29D6E5E500213CDE /* Resources */ = {
			isa = PBXResourcesBuildPhase;
			buildActionMask = 2147483647;
			files = (
			);
			runOnlyForDeploymentPostprocessing = 0;
		};
		9437526529D6E5E500213CDE /* Resources */ = {
			isa = PBXResourcesBuildPhase;
			buildActionMask = 2147483647;
			files = (
			);
			runOnlyForDeploymentPostprocessing = 0;
		};
/* End PBXResourcesBuildPhase section */

/* Begin PBXSourcesBuildPhase section */
		9437524029D6E5E400213CDE /* Sources */ = {
			isa = PBXSourcesBuildPhase;
			buildActionMask = 2147483647;
			files = (
				9437528629D6F95400213CDE /* RecognizeResultViewController.swift in Sources */,
				9437525229D6E5E400213CDE /* TextRecognizerApp.xcdatamodeld in Sources */,
				9437528429D6E7FF00213CDE /* CameraViewController.swift in Sources */,
				9437524C29D6E5E400213CDE /* ViewController.swift in Sources */,
				9437524829D6E5E400213CDE /* AppDelegate.swift in Sources */,
				9437524A29D6E5E400213CDE /* SceneDelegate.swift in Sources */,
			);
			runOnlyForDeploymentPostprocessing = 0;
		};
		9437525929D6E5E500213CDE /* Sources */ = {
			isa = PBXSourcesBuildPhase;
			buildActionMask = 2147483647;
			files = (
				9437526229D6E5E500213CDE /* TextRecognizerAppTests.swift in Sources */,
			);
			runOnlyForDeploymentPostprocessing = 0;
		};
		9437526329D6E5E500213CDE /* Sources */ = {
			isa = PBXSourcesBuildPhase;
			buildActionMask = 2147483647;
			files = (
				9437526C29D6E5E500213CDE /* TextRecognizerAppUITests.swift in Sources */,
				9437526E29D6E5E500213CDE /* TextRecognizerAppUITestsLaunchTests.swift in Sources */,
			);
			runOnlyForDeploymentPostprocessing = 0;
		};
/* End PBXSourcesBuildPhase section */

/* Begin PBXTargetDependency section */
		9437525F29D6E5E500213CDE /* PBXTargetDependency */ = {
			isa = PBXTargetDependency;
			target = 9437524329D6E5E400213CDE /* TextRecognizerApp */;
			targetProxy = 9437525E29D6E5E500213CDE /* PBXContainerItemProxy */;
		};
		9437526929D6E5E500213CDE /* PBXTargetDependency */ = {
			isa = PBXTargetDependency;
			target = 9437524329D6E5E400213CDE /* TextRecognizerApp */;
			targetProxy = 9437526829D6E5E500213CDE /* PBXContainerItemProxy */;
		};
/* End PBXTargetDependency section */

/* Begin PBXVariantGroup section */
		9437524D29D6E5E400213CDE /* Main.storyboard */ = {
			isa = PBXVariantGroup;
			children = (
				9437524E29D6E5E400213CDE /* Base */,
			);
			name = Main.storyboard;
			sourceTree = "<group>";
		};
		9437525529D6E5E500213CDE /* LaunchScreen.storyboard */ = {
			isa = PBXVariantGroup;
			children = (
				9437525629D6E5E500213CDE /* Base */,
			);
			name = LaunchScreen.storyboard;
			sourceTree = "<group>";
		};
/* End PBXVariantGroup section */

/* Begin XCBuildConfiguration section */
		9437526F29D6E5E500213CDE /* Debug */ = {
			isa = XCBuildConfiguration;
			buildSettings = {
				ALWAYS_SEARCH_USER_PATHS = NO;
				CLANG_ANALYZER_NONNULL = YES;
				CLANG_ANALYZER_NUMBER_OBJECT_CONVERSION = YES_AGGRESSIVE;
				CLANG_CXX_LANGUAGE_STANDARD = "gnu++20";
				CLANG_ENABLE_MODULES = YES;
				CLANG_ENABLE_OBJC_ARC = YES;
				CLANG_ENABLE_OBJC_WEAK = YES;
				CLANG_WARN_BLOCK_CAPTURE_AUTORELEASING = YES;
				CLANG_WARN_BOOL_CONVERSION = YES;
				CLANG_WARN_COMMA = YES;
				CLANG_WARN_CONSTANT_CONVERSION = YES;
				CLANG_WARN_DEPRECATED_OBJC_IMPLEMENTATIONS = YES;
				CLANG_WARN_DIRECT_OBJC_ISA_USAGE = YES_ERROR;
				CLANG_WARN_DOCUMENTATION_COMMENTS = YES;
				CLANG_WARN_EMPTY_BODY = YES;
				CLANG_WARN_ENUM_CONVERSION = YES;
				CLANG_WARN_INFINITE_RECURSION = YES;
				CLANG_WARN_INT_CONVERSION = YES;
				CLANG_WARN_NON_LITERAL_NULL_CONVERSION = YES;
				CLANG_WARN_OBJC_IMPLICIT_RETAIN_SELF = YES;
				CLANG_WARN_OBJC_LITERAL_CONVERSION = YES;
				CLANG_WARN_OBJC_ROOT_CLASS = YES_ERROR;
				CLANG_WARN_QUOTED_INCLUDE_IN_FRAMEWORK_HEADER = YES;
				CLANG_WARN_RANGE_LOOP_ANALYSIS = YES;
				CLANG_WARN_STRICT_PROTOTYPES = YES;
				CLANG_WARN_SUSPICIOUS_MOVE = YES;
				CLANG_WARN_UNGUARDED_AVAILABILITY = YES_AGGRESSIVE;
				CLANG_WARN_UNREACHABLE_CODE = YES;
				CLANG_WARN__DUPLICATE_METHOD_MATCH = YES;
				COPY_PHASE_STRIP = NO;
				DEBUG_INFORMATION_FORMAT = dwarf;
				ENABLE_STRICT_OBJC_MSGSEND = YES;
				ENABLE_TESTABILITY = YES;
				GCC_C_LANGUAGE_STANDARD = gnu11;
				GCC_DYNAMIC_NO_PIC = NO;
				GCC_NO_COMMON_BLOCKS = YES;
				GCC_OPTIMIZATION_LEVEL = 0;
				GCC_PREPROCESSOR_DEFINITIONS = (
					"DEBUG=1",
					"$(inherited)",
				);
				GCC_WARN_64_TO_32_BIT_CONVERSION = YES;
				GCC_WARN_ABOUT_RETURN_TYPE = YES_ERROR;
				GCC_WARN_UNDECLARED_SELECTOR = YES;
				GCC_WARN_UNINITIALIZED_AUTOS = YES_AGGRESSIVE;
				GCC_WARN_UNUSED_FUNCTION = YES;
				GCC_WARN_UNUSED_VARIABLE = YES;
				IPHONEOS_DEPLOYMENT_TARGET = 16.2;
				MTL_ENABLE_DEBUG_INFO = INCLUDE_SOURCE;
				MTL_FAST_MATH = YES;
				ONLY_ACTIVE_ARCH = YES;
				SDKROOT = iphoneos;
				SWIFT_ACTIVE_COMPILATION_CONDITIONS = DEBUG;
				SWIFT_OPTIMIZATION_LEVEL = "-Onone";
			};
			name = Debug;
		};
		9437527029D6E5E500213CDE /* Release */ = {
			isa = XCBuildConfiguration;
			buildSettings = {
				ALWAYS_SEARCH_USER_PATHS = NO;
				CLANG_ANALYZER_NONNULL = YES;
				CLANG_ANALYZER_NUMBER_OBJECT_CONVERSION = YES_AGGRESSIVE;
				CLANG_CXX_LANGUAGE_STANDARD = "gnu++20";
				CLANG_ENABLE_MODULES = YES;
				CLANG_ENABLE_OBJC_ARC = YES;
				CLANG_ENABLE_OBJC_WEAK = YES;
				CLANG_WARN_BLOCK_CAPTURE_AUTORELEASING = YES;
				CLANG_WARN_BOOL_CONVERSION = YES;
				CLANG_WARN_COMMA = YES;
				CLANG_WARN_CONSTANT_CONVERSION = YES;
				CLANG_WARN_DEPRECATED_OBJC_IMPLEMENTATIONS = YES;
				CLANG_WARN_DIRECT_OBJC_ISA_USAGE = YES_ERROR;
				CLANG_WARN_DOCUMENTATION_COMMENTS = YES;
				CLANG_WARN_EMPTY_BODY = YES;
				CLANG_WARN_ENUM_CONVERSION = YES;
				CLANG_WARN_INFINITE_RECURSION = YES;
				CLANG_WARN_INT_CONVERSION = YES;
				CLANG_WARN_NON_LITERAL_NULL_CONVERSION = YES;
				CLANG_WARN_OBJC_IMPLICIT_RETAIN_SELF = YES;
				CLANG_WARN_OBJC_LITERAL_CONVERSION = YES;
				CLANG_WARN_OBJC_ROOT_CLASS = YES_ERROR;
				CLANG_WARN_QUOTED_INCLUDE_IN_FRAMEWORK_HEADER = YES;
				CLANG_WARN_RANGE_LOOP_ANALYSIS = YES;
				CLANG_WARN_STRICT_PROTOTYPES = YES;
				CLANG_WARN_SUSPICIOUS_MOVE = YES;
				CLANG_WARN_UNGUARDED_AVAILABILITY = YES_AGGRESSIVE;
				CLANG_WARN_UNREACHABLE_CODE = YES;
				CLANG_WARN__DUPLICATE_METHOD_MATCH = YES;
				COPY_PHASE_STRIP = NO;
				DEBUG_INFORMATION_FORMAT = "dwarf-with-dsym";
				ENABLE_NS_ASSERTIONS = NO;
				ENABLE_STRICT_OBJC_MSGSEND = YES;
				GCC_C_LANGUAGE_STANDARD = gnu11;
				GCC_NO_COMMON_BLOCKS = YES;
				GCC_WARN_64_TO_32_BIT_CONVERSION = YES;
				GCC_WARN_ABOUT_RETURN_TYPE = YES_ERROR;
				GCC_WARN_UNDECLARED_SELECTOR = YES;
				GCC_WARN_UNINITIALIZED_AUTOS = YES_AGGRESSIVE;
				GCC_WARN_UNUSED_FUNCTION = YES;
				GCC_WARN_UNUSED_VARIABLE = YES;
				IPHONEOS_DEPLOYMENT_TARGET = 16.2;
				MTL_ENABLE_DEBUG_INFO = NO;
				MTL_FAST_MATH = YES;
				SDKROOT = iphoneos;
				SWIFT_COMPILATION_MODE = wholemodule;
				SWIFT_OPTIMIZATION_LEVEL = "-O";
				VALIDATE_PRODUCT = YES;
			};
			name = Release;
		};
		9437527229D6E5E500213CDE /* Debug */ = {
			isa = XCBuildConfiguration;
			buildSettings = {
				ASSETCATALOG_COMPILER_APPICON_NAME = AppIcon;
				ASSETCATALOG_COMPILER_GLOBAL_ACCENT_COLOR_NAME = AccentColor;
				CODE_SIGN_STYLE = Automatic;
				CURRENT_PROJECT_VERSION = 1;
				DEVELOPMENT_TEAM = UNTPRP3C66;
				GENERATE_INFOPLIST_FILE = YES;
				INFOPLIST_FILE = TextRecognizerApp/Resources/Info.plist;
				INFOPLIST_KEY_UIApplicationSupportsIndirectInputEvents = YES;
				INFOPLIST_KEY_UILaunchStoryboardName = LaunchScreen;
				INFOPLIST_KEY_UIMainStoryboardFile = Main;
				INFOPLIST_KEY_UISupportedInterfaceOrientations_iPad = "UIInterfaceOrientationPortrait UIInterfaceOrientationPortraitUpsideDown UIInterfaceOrientationLandscapeLeft UIInterfaceOrientationLandscapeRight";
				INFOPLIST_KEY_UISupportedInterfaceOrientations_iPhone = "UIInterfaceOrientationPortrait UIInterfaceOrientationLandscapeLeft UIInterfaceOrientationLandscapeRight";
				LD_RUNPATH_SEARCH_PATHS = (
					"$(inherited)",
					"@executable_path/Frameworks",
				);
				MARKETING_VERSION = 1.0;
				PRODUCT_BUNDLE_IDENTIFIER = jp.kyulee.TextRecognizerApp;
				PRODUCT_NAME = "$(TARGET_NAME)";
				SWIFT_EMIT_LOC_STRINGS = YES;
				SWIFT_VERSION = 5.0;
				TARGETED_DEVICE_FAMILY = "1,2";
			};
			name = Debug;
		};
		9437527329D6E5E500213CDE /* Release */ = {
			isa = XCBuildConfiguration;
			buildSettings = {
				ASSETCATALOG_COMPILER_APPICON_NAME = AppIcon;
				ASSETCATALOG_COMPILER_GLOBAL_ACCENT_COLOR_NAME = AccentColor;
				CODE_SIGN_STYLE = Automatic;
				CURRENT_PROJECT_VERSION = 1;
				DEVELOPMENT_TEAM = UNTPRP3C66;
				GENERATE_INFOPLIST_FILE = YES;
				INFOPLIST_FILE = TextRecognizerApp/Resources/Info.plist;
				INFOPLIST_KEY_UIApplicationSupportsIndirectInputEvents = YES;
				INFOPLIST_KEY_UILaunchStoryboardName = LaunchScreen;
				INFOPLIST_KEY_UIMainStoryboardFile = Main;
				INFOPLIST_KEY_UISupportedInterfaceOrientations_iPad = "UIInterfaceOrientationPortrait UIInterfaceOrientationPortraitUpsideDown UIInterfaceOrientationLandscapeLeft UIInterfaceOrientationLandscapeRight";
				INFOPLIST_KEY_UISupportedInterfaceOrientations_iPhone = "UIInterfaceOrientationPortrait UIInterfaceOrientationLandscapeLeft UIInterfaceOrientationLandscapeRight";
				LD_RUNPATH_SEARCH_PATHS = (
					"$(inherited)",
					"@executable_path/Frameworks",
				);
				MARKETING_VERSION = 1.0;
				PRODUCT_BUNDLE_IDENTIFIER = jp.kyulee.TextRecognizerApp;
				PRODUCT_NAME = "$(TARGET_NAME)";
				SWIFT_EMIT_LOC_STRINGS = YES;
				SWIFT_VERSION = 5.0;
				TARGETED_DEVICE_FAMILY = "1,2";
			};
			name = Release;
		};
		9437527529D6E5E500213CDE /* Debug */ = {
			isa = XCBuildConfiguration;
			buildSettings = {
				ALWAYS_EMBED_SWIFT_STANDARD_LIBRARIES = YES;
				BUNDLE_LOADER = "$(TEST_HOST)";
				CODE_SIGN_STYLE = Automatic;
				CURRENT_PROJECT_VERSION = 1;
				DEVELOPMENT_TEAM = UNTPRP3C66;
				GENERATE_INFOPLIST_FILE = YES;
				IPHONEOS_DEPLOYMENT_TARGET = 16.2;
				MARKETING_VERSION = 1.0;
				PRODUCT_BUNDLE_IDENTIFIER = jp.kyulee.TextRecognizerAppTests;
				PRODUCT_NAME = "$(TARGET_NAME)";
				SWIFT_EMIT_LOC_STRINGS = NO;
				SWIFT_VERSION = 5.0;
				TARGETED_DEVICE_FAMILY = "1,2";
				TEST_HOST = "$(BUILT_PRODUCTS_DIR)/TextRecognizerApp.app/$(BUNDLE_EXECUTABLE_FOLDER_PATH)/TextRecognizerApp";
			};
			name = Debug;
		};
		9437527629D6E5E500213CDE /* Release */ = {
			isa = XCBuildConfiguration;
			buildSettings = {
				ALWAYS_EMBED_SWIFT_STANDARD_LIBRARIES = YES;
				BUNDLE_LOADER = "$(TEST_HOST)";
				CODE_SIGN_STYLE = Automatic;
				CURRENT_PROJECT_VERSION = 1;
				DEVELOPMENT_TEAM = UNTPRP3C66;
				GENERATE_INFOPLIST_FILE = YES;
				IPHONEOS_DEPLOYMENT_TARGET = 16.2;
				MARKETING_VERSION = 1.0;
				PRODUCT_BUNDLE_IDENTIFIER = jp.kyulee.TextRecognizerAppTests;
				PRODUCT_NAME = "$(TARGET_NAME)";
				SWIFT_EMIT_LOC_STRINGS = NO;
				SWIFT_VERSION = 5.0;
				TARGETED_DEVICE_FAMILY = "1,2";
				TEST_HOST = "$(BUILT_PRODUCTS_DIR)/TextRecognizerApp.app/$(BUNDLE_EXECUTABLE_FOLDER_PATH)/TextRecognizerApp";
			};
			name = Release;
		};
		9437527829D6E5E500213CDE /* Debug */ = {
			isa = XCBuildConfiguration;
			buildSettings = {
				ALWAYS_EMBED_SWIFT_STANDARD_LIBRARIES = YES;
				CODE_SIGN_STYLE = Automatic;
				CURRENT_PROJECT_VERSION = 1;
				DEVELOPMENT_TEAM = UNTPRP3C66;
				GENERATE_INFOPLIST_FILE = YES;
				MARKETING_VERSION = 1.0;
				PRODUCT_BUNDLE_IDENTIFIER = jp.kyulee.TextRecognizerAppUITests;
				PRODUCT_NAME = "$(TARGET_NAME)";
				SWIFT_EMIT_LOC_STRINGS = NO;
				SWIFT_VERSION = 5.0;
				TARGETED_DEVICE_FAMILY = "1,2";
				TEST_TARGET_NAME = TextRecognizerApp;
			};
			name = Debug;
		};
		9437527929D6E5E500213CDE /* Release */ = {
			isa = XCBuildConfiguration;
			buildSettings = {
				ALWAYS_EMBED_SWIFT_STANDARD_LIBRARIES = YES;
				CODE_SIGN_STYLE = Automatic;
				CURRENT_PROJECT_VERSION = 1;
				DEVELOPMENT_TEAM = UNTPRP3C66;
				GENERATE_INFOPLIST_FILE = YES;
				MARKETING_VERSION = 1.0;
				PRODUCT_BUNDLE_IDENTIFIER = jp.kyulee.TextRecognizerAppUITests;
				PRODUCT_NAME = "$(TARGET_NAME)";
				SWIFT_EMIT_LOC_STRINGS = NO;
				SWIFT_VERSION = 5.0;
				TARGETED_DEVICE_FAMILY = "1,2";
				TEST_TARGET_NAME = TextRecognizerApp;
			};
			name = Release;
		};
/* End XCBuildConfiguration section */

/* Begin XCConfigurationList section */
		9437523F29D6E5E400213CDE /* Build configuration list for PBXProject "TextRecognizerApp" */ = {
			isa = XCConfigurationList;
			buildConfigurations = (
				9437526F29D6E5E500213CDE /* Debug */,
				9437527029D6E5E500213CDE /* Release */,
			);
			defaultConfigurationIsVisible = 0;
			defaultConfigurationName = Release;
		};
		9437527129D6E5E500213CDE /* Build configuration list for PBXNativeTarget "TextRecognizerApp" */ = {
			isa = XCConfigurationList;
			buildConfigurations = (
				9437527229D6E5E500213CDE /* Debug */,
				9437527329D6E5E500213CDE /* Release */,
			);
			defaultConfigurationIsVisible = 0;
			defaultConfigurationName = Release;
		};
		9437527429D6E5E500213CDE /* Build configuration list for PBXNativeTarget "TextRecognizerAppTests" */ = {
			isa = XCConfigurationList;
			buildConfigurations = (
				9437527529D6E5E500213CDE /* Debug */,
				9437527629D6E5E500213CDE /* Release */,
			);
			defaultConfigurationIsVisible = 0;
			defaultConfigurationName = Release;
		};
		9437527729D6E5E500213CDE /* Build configuration list for PBXNativeTarget "TextRecognizerAppUITests" */ = {
			isa = XCConfigurationList;
			buildConfigurations = (
				9437527829D6E5E500213CDE /* Debug */,
				9437527929D6E5E500213CDE /* Release */,
			);
			defaultConfigurationIsVisible = 0;
			defaultConfigurationName = Release;
		};
/* End XCConfigurationList section */

/* Begin XCVersionGroup section */
		9437525029D6E5E400213CDE /* TextRecognizerApp.xcdatamodeld */ = {
			isa = XCVersionGroup;
			children = (
				9437525129D6E5E400213CDE /* TextRecognizerApp.xcdatamodel */,
			);
			currentVersion = 9437525129D6E5E400213CDE /* TextRecognizerApp.xcdatamodel */;
			path = TextRecognizerApp.xcdatamodeld;
			sourceTree = "<group>";
			versionGroupType = wrapper.xcdatamodel;
		};
/* End XCVersionGroup section */
	};
	rootObject = 9437523C29D6E5E400213CDE /* Project object */;
}
